
Microsoft Visual Studio Solution File, Format Version 12.00
# Visual Studio Version 16
VisualStudioVersion = 16.0.29709.97
MinimumVisualStudioVersion = 10.0.40219.1
Project("{FAE04EC0-301F-11D3-BF4B-00C04F79EFBC}") = "AES_forms", "AES_forms.csproj", "{FBB3FF52-AB23-463B-98AE-B0CCF57FE2BE}"
EndProject
Global
	GlobalSection(SolutionConfigurationPlatforms) = preSolution
		Debug|Any CPU = Debug|Any CPU
		Release|Any CPU = Release|Any CPU
	EndGlobalSection
	GlobalSection(ProjectConfigurationPlatforms) = postSolution
		{FBB3FF52-AB23-463B-98AE-B0CCF57FE2BE}.Debug|Any CPU.ActiveCfg = Debug|Any CPU
		{FBB3FF52-AB23-463B-98AE-B0CCF57FE2BE}.Debug|Any CPU.Build.0 = Debug|Any CPU
		{FBB3FF52-AB23-463B-98AE-B0CCF57FE2BE}.Release|Any CPU.ActiveCfg = Release|Any CPU
		{FBB3FF52-AB23-463B-98AE-B0CCF57FE2BE}.Release|Any CPU.Build.0 = Release|Any CPU
	EndGlobalSection
	GlobalSection(SolutionProperties) = preSolution
		HideSolutionNode = FALSE
	EndGlobalSection
	GlobalSection(ExtensibilityGlobals) = postSolution
		SolutionGuid = {3A15E16A-DDC2-4697-9415-D1A371035580}
	EndGlobalSection
EndGlobal
